
Microsoft Visual Studio Solution File, Format Version 12.00
# Visual Studio Version 17
VisualStudioVersion = 17.5.002.0
MinimumVisualStudioVersion = 10.0.40219.1
Project("{9A19103F-16F7-4668-BE54-9A1E7A4F7556}") = "Master.API", "Master.API.csproj", "{BE685D80-BFF8-48AC-9525-0D8B3CEBD236}"
EndProject
Global
	GlobalSection(SolutionConfigurationPlatforms) = preSolution
		Debug|Any CPU = Debug|Any CPU
		Release|Any CPU = Release|Any CPU
	EndGlobalSection
	GlobalSection(ProjectConfigurationPlatforms) = postSolution
		{BE685D80-BFF8-48AC-9525-0D8B3CEBD236}.Debug|Any CPU.ActiveCfg = Debug|Any CPU
		{BE685D80-BFF8-48AC-9525-0D8B3CEBD236}.Debug|Any CPU.Build.0 = Debug|Any CPU
		{BE685D80-BFF8-48AC-9525-0D8B3CEBD236}.Release|Any CPU.ActiveCfg = Release|Any CPU
		{BE685D80-BFF8-48AC-9525-0D8B3CEBD236}.Release|Any CPU.Build.0 = Release|Any CPU
	EndGlobalSection
	GlobalSection(SolutionProperties) = preSolution
		HideSolutionNode = FALSE
	EndGlobalSection
	GlobalSection(ExtensibilityGlobals) = postSolution
		SolutionGuid = {963BFCA7-85A4-477E-8933-987C72D462FF}
	EndGlobalSection
EndGlobal
